
Microsoft Visual Studio Solution File, Format Version 12.00
# Visual Studio 15
VisualStudioVersion = 15.0.27703.2018
MinimumVisualStudioVersion = 10.0.40219.1
Project("{F2A71F9B-5D33-465A-A702-920D77279786}") = "FSharpDataDumpSentimentAnalisys", "FSharpDataDumpSentimentAnalisys\FSharpDataDumpSentimentAnalisys.fsproj", "{2BCEFFAB-3762-4C27-8EDC-39960EDA84FB}"
EndProject
Global
	GlobalSection(SolutionConfigurationPlatforms) = preSolution
		Debug|Any CPU = Debug|Any CPU
		Release|Any CPU = Release|Any CPU
	EndGlobalSection
	GlobalSection(ProjectConfigurationPlatforms) = postSolution
		{2BCEFFAB-3762-4C27-8EDC-39960EDA84FB}.Debug|Any CPU.ActiveCfg = Debug|Any CPU
		{2BCEFFAB-3762-4C27-8EDC-39960EDA84FB}.Debug|Any CPU.Build.0 = Debug|Any CPU
		{2BCEFFAB-3762-4C27-8EDC-39960EDA84FB}.Release|Any CPU.ActiveCfg = Release|Any CPU
		{2BCEFFAB-3762-4C27-8EDC-39960EDA84FB}.Release|Any CPU.Build.0 = Release|Any CPU
	EndGlobalSection
	GlobalSection(SolutionProperties) = preSolution
		HideSolutionNode = FALSE
	EndGlobalSection
	GlobalSection(ExtensibilityGlobals) = postSolution
		SolutionGuid = {29049455-A505-4483-9977-6BDB83138A53}
	EndGlobalSection
EndGlobal
